
Microsoft Visual Studio Solution File, Format Version 12.00
# Visual Studio Version 17
VisualStudioVersion = 17.0.32112.339
MinimumVisualStudioVersion = 10.0.40219.1
Project("{FAE04EC0-301F-11D3-BF4B-00C04F79EFBC}") = "ShoppingList.Api", "ShoppingList.Api\ShoppingList.Api.csproj", "{35021D8F-D8F2-46D5-916D-8E5343FD7943}"
EndProject
Project("{FAE04EC0-301F-11D3-BF4B-00C04F79EFBC}") = "ShoppingList.Domain", "ShoppingList.Domain\ShoppingList.Domain.csproj", "{B1DAE7AC-13E2-4ACC-996E-EB1F3DB261FD}"
EndProject
Project("{FAE04EC0-301F-11D3-BF4B-00C04F79EFBC}") = "ShoppingList.Infrastructure", "ShoppingList.Infrastructure\ShoppingList.Infrastructure.csproj", "{FD22CEAA-AADD-45BB-B557-3C8DC86F586D}"
EndProject
Project("{FAE04EC0-301F-11D3-BF4B-00C04F79EFBC}") = "ShoppingList.Application", "ShoppingList.Application\ShoppingList.Application.csproj", "{55D80B4D-6D2B-4C10-9B69-6817E2D992E7}"
EndProject
Project("{FAE04EC0-301F-11D3-BF4B-00C04F79EFBC}") = "ShoppingList.Identity", "ShoppingList.Identity\ShoppingList.Identity.csproj", "{5C5F097B-2190-48C2-BA89-A4BA586A9C73}"
EndProject
Project("{2150E333-8FDC-42A3-9474-1A3956D46DE8}") = "API", "API", "{DAA2525D-72B7-446B-A657-5DF60E87FFA0}"
EndProject
Project("{2150E333-8FDC-42A3-9474-1A3956D46DE8}") = "Core", "Core", "{047F2926-AC5B-4892-8239-25D33EA9E57E}"
EndProject
Project("{2150E333-8FDC-42A3-9474-1A3956D46DE8}") = "Infrastructure", "Infrastructure", "{E51D1AB2-049B-43D1-BE31-A825EBA73374}"
EndProject
Project("{FAE04EC0-301F-11D3-BF4B-00C04F79EFBC}") = "ShoppingList.Persistence", "ShoppingList.Persistence\ShoppingList.Persistence.csproj", "{2449D685-3397-4E6F-B8DC-D580DA0F3FAD}"
EndProject
Project("{2150E333-8FDC-42A3-9474-1A3956D46DE8}") = "src", "src", "{16780722-2758-4292-AE22-2B3288BF6989}"
EndProject
Global
	GlobalSection(SolutionConfigurationPlatforms) = preSolution
		Debug|Any CPU = Debug|Any CPU
		Release|Any CPU = Release|Any CPU
	EndGlobalSection
	GlobalSection(ProjectConfigurationPlatforms) = postSolution
		{35021D8F-D8F2-46D5-916D-8E5343FD7943}.Debug|Any CPU.ActiveCfg = Debug|Any CPU
		{35021D8F-D8F2-46D5-916D-8E5343FD7943}.Debug|Any CPU.Build.0 = Debug|Any CPU
		{35021D8F-D8F2-46D5-916D-8E5343FD7943}.Release|Any CPU.ActiveCfg = Release|Any CPU
		{35021D8F-D8F2-46D5-916D-8E5343FD7943}.Release|Any CPU.Build.0 = Release|Any CPU
		{B1DAE7AC-13E2-4ACC-996E-EB1F3DB261FD}.Debug|Any CPU.ActiveCfg = Debug|Any CPU
		{B1DAE7AC-13E2-4ACC-996E-EB1F3DB261FD}.Debug|Any CPU.Build.0 = Debug|Any CPU
		{B1DAE7AC-13E2-4ACC-996E-EB1F3DB261FD}.Release|Any CPU.ActiveCfg = Release|Any CPU
		{B1DAE7AC-13E2-4ACC-996E-EB1F3DB261FD}.Release|Any CPU.Build.0 = Release|Any CPU
		{FD22CEAA-AADD-45BB-B557-3C8DC86F586D}.Debug|Any CPU.ActiveCfg = Debug|Any CPU
		{FD22CEAA-AADD-45BB-B557-3C8DC86F586D}.Debug|Any CPU.Build.0 = Debug|Any CPU
		{FD22CEAA-AADD-45BB-B557-3C8DC86F586D}.Release|Any CPU.ActiveCfg = Release|Any CPU
		{FD22CEAA-AADD-45BB-B557-3C8DC86F586D}.Release|Any CPU.Build.0 = Release|Any CPU
		{55D80B4D-6D2B-4C10-9B69-6817E2D992E7}.Debug|Any CPU.ActiveCfg = Debug|Any CPU
		{55D80B4D-6D2B-4C10-9B69-6817E2D992E7}.Debug|Any CPU.Build.0 = Debug|Any CPU
		{55D80B4D-6D2B-4C10-9B69-6817E2D992E7}.Release|Any CPU.ActiveCfg = Release|Any CPU
		{55D80B4D-6D2B-4C10-9B69-6817E2D992E7}.Release|Any CPU.Build.0 = Release|Any CPU
		{5C5F097B-2190-48C2-BA89-A4BA586A9C73}.Debug|Any CPU.ActiveCfg = Debug|Any CPU
		{5C5F097B-2190-48C2-BA89-A4BA586A9C73}.Debug|Any CPU.Build.0 = Debug|Any CPU
		{5C5F097B-2190-48C2-BA89-A4BA586A9C73}.Release|Any CPU.ActiveCfg = Release|Any CPU
		{5C5F097B-2190-48C2-BA89-A4BA586A9C73}.Release|Any CPU.Build.0 = Release|Any CPU
		{2449D685-3397-4E6F-B8DC-D580DA0F3FAD}.Debug|Any CPU.ActiveCfg = Debug|Any CPU
		{2449D685-3397-4E6F-B8DC-D580DA0F3FAD}.Debug|Any CPU.Build.0 = Debug|Any CPU
		{2449D685-3397-4E6F-B8DC-D580DA0F3FAD}.Release|Any CPU.ActiveCfg = Release|Any CPU
		{2449D685-3397-4E6F-B8DC-D580DA0F3FAD}.Release|Any CPU.Build.0 = Release|Any CPU
	EndGlobalSection
	GlobalSection(SolutionProperties) = preSolution
		HideSolutionNode = FALSE
	EndGlobalSection
	GlobalSection(NestedProjects) = preSolution
		{35021D8F-D8F2-46D5-916D-8E5343FD7943} = {DAA2525D-72B7-446B-A657-5DF60E87FFA0}
		{B1DAE7AC-13E2-4ACC-996E-EB1F3DB261FD} = {047F2926-AC5B-4892-8239-25D33EA9E57E}
		{FD22CEAA-AADD-45BB-B557-3C8DC86F586D} = {E51D1AB2-049B-43D1-BE31-A825EBA73374}
		{55D80B4D-6D2B-4C10-9B69-6817E2D992E7} = {047F2926-AC5B-4892-8239-25D33EA9E57E}
		{5C5F097B-2190-48C2-BA89-A4BA586A9C73} = {E51D1AB2-049B-43D1-BE31-A825EBA73374}
		{DAA2525D-72B7-446B-A657-5DF60E87FFA0} = {16780722-2758-4292-AE22-2B3288BF6989}
		{047F2926-AC5B-4892-8239-25D33EA9E57E} = {16780722-2758-4292-AE22-2B3288BF6989}
		{E51D1AB2-049B-43D1-BE31-A825EBA73374} = {16780722-2758-4292-AE22-2B3288BF6989}
		{2449D685-3397-4E6F-B8DC-D580DA0F3FAD} = {E51D1AB2-049B-43D1-BE31-A825EBA73374}
	EndGlobalSection
	GlobalSection(ExtensibilityGlobals) = postSolution
		SolutionGuid = {FDBC2F8F-06DD-4FDC-9E18-91702671B4DD}
	EndGlobalSection
EndGlobal
